
Microsoft Visual Studio Solution File, Format Version 12.00
# Visual Studio Version 16
VisualStudioVersion = 16.0.30320.27
MinimumVisualStudioVersion = 10.0.40219.1
Project("{FAE04EC0-301F-11D3-BF4B-00C04F79EFBC}") = "WordCounter", "WordCounter.csproj", "{CCF872A2-B0FE-4915-92E0-ED0DE7658AAF}"
EndProject
Global
	GlobalSection(SolutionConfigurationPlatforms) = preSolution
		Debug|Any CPU = Debug|Any CPU
		Release|Any CPU = Release|Any CPU
	EndGlobalSection
	GlobalSection(ProjectConfigurationPlatforms) = postSolution
		{CCF872A2-B0FE-4915-92E0-ED0DE7658AAF}.Debug|Any CPU.ActiveCfg = Debug|Any CPU
		{CCF872A2-B0FE-4915-92E0-ED0DE7658AAF}.Debug|Any CPU.Build.0 = Debug|Any CPU
		{CCF872A2-B0FE-4915-92E0-ED0DE7658AAF}.Release|Any CPU.ActiveCfg = Release|Any CPU
		{CCF872A2-B0FE-4915-92E0-ED0DE7658AAF}.Release|Any CPU.Build.0 = Release|Any CPU
	EndGlobalSection
	GlobalSection(SolutionProperties) = preSolution
		HideSolutionNode = FALSE
	EndGlobalSection
	GlobalSection(ExtensibilityGlobals) = postSolution
		SolutionGuid = {620002C2-8102-4363-869C-42977DEFD7B3}
	EndGlobalSection
EndGlobal
